
Microsoft Visual Studio Solution File, Format Version 12.00
# Visual Studio Version 16
VisualStudioVersion = 16.0.31321.278
MinimumVisualStudioVersion = 10.0.40219.1
Project("{2150E333-8FDC-42A3-9474-1A3956D46DE8}") = "HelloWorld", "HelloWorld", "{83718225-E70B-467D-84F3-4A12D62DD709}"
EndProject
Project("{9A19103F-16F7-4668-BE54-9A1E7A4F7556}") = "HelloWorld.Send", "HelloWorld\HelloWorld.Send\HelloWorld.Send.csproj", "{71D6219D-FD9F-4C62-B461-691634014164}"
EndProject
Project("{9A19103F-16F7-4668-BE54-9A1E7A4F7556}") = "HelloWorld.Receive", "HelloWorld\HelloWorld.Receive\HelloWorld.Receive.csproj", "{4B160B99-6214-4546-8120-D6C8F63AF9F3}"
EndProject
Project("{2150E333-8FDC-42A3-9474-1A3956D46DE8}") = "WorkQueues", "WorkQueues", "{53318655-98D8-42A8-9D82-6981A44777ED}"
EndProject
Project("{9A19103F-16F7-4668-BE54-9A1E7A4F7556}") = "WorkQueues.NewTask", "WorkQueues\WorkQueues.NewTask\WorkQueues.NewTask.csproj", "{A558E370-03C9-4040-8B97-233D19B111E9}"
EndProject
Project("{9A19103F-16F7-4668-BE54-9A1E7A4F7556}") = "WorkQueues.Worker", "WorkQueues\WorkQueues.Worker\WorkQueues.Worker.csproj", "{FA731DA7-EC57-4C5B-AB97-86A06C6A2474}"
EndProject
Project("{2150E333-8FDC-42A3-9474-1A3956D46DE8}") = "PublishSubscribe", "PublishSubscribe", "{B2631CE5-8034-47CD-826A-1ECD9698460A}"
EndProject
Project("{9A19103F-16F7-4668-BE54-9A1E7A4F7556}") = "PublishSubscribe.EmitLog", "PublishSubscribe\PublishSubscribe.EmitLog\PublishSubscribe.EmitLog.csproj", "{5AF06986-E32D-4660-AB30-3A710128E396}"
EndProject
Project("{9A19103F-16F7-4668-BE54-9A1E7A4F7556}") = "PublishSubscribe.ReceiveLogs", "PublishSubscribe\PublishSubscribe.ReceiveLogs\PublishSubscribe.ReceiveLogs.csproj", "{570B121A-DF37-4353-8C0C-EC24EB1495E4}"
EndProject
Project("{2150E333-8FDC-42A3-9474-1A3956D46DE8}") = "Routing", "Routing", "{9B911174-907A-4BC7-9A3A-3E08227D83D0}"
EndProject
Project("{FAE04EC0-301F-11D3-BF4B-00C04F79EFBC}") = "Routing.EmitLogDirect", "Routing\Routing.EmitLogDirect\Routing.EmitLogDirect.csproj", "{439887E6-8F7E-489F-8C69-FE96CB634D5C}"
EndProject
Project("{FAE04EC0-301F-11D3-BF4B-00C04F79EFBC}") = "Routing.ReceiveLogsDirect", "Routing\Routing.ReceiveLogsDirect\Routing.ReceiveLogsDirect.csproj", "{49DC1D43-F289-4DEE-924B-FFAF0FFE6FBB}"
EndProject
Project("{2150E333-8FDC-42A3-9474-1A3956D46DE8}") = "Topics", "Topics", "{0553A29D-A941-4C98-8BD2-9B0D5CD834E1}"
EndProject
Project("{FAE04EC0-301F-11D3-BF4B-00C04F79EFBC}") = "Topics.EmitLogTopic", "Topics\Topics.EmitLogTopic\Topics.EmitLogTopic.csproj", "{0E736C9D-DDF0-4AB0-9B67-CD29C97DC756}"
EndProject
Project("{FAE04EC0-301F-11D3-BF4B-00C04F79EFBC}") = "Topics.ReceiveLogsTopic", "Topics\Topics.ReceiveLogsTopic\Topics.ReceiveLogsTopic.csproj", "{5726F9A0-07FA-4073-B70E-EEE616620AAD}"
EndProject
Global
	GlobalSection(SolutionConfigurationPlatforms) = preSolution
		Debug|Any CPU = Debug|Any CPU
		Release|Any CPU = Release|Any CPU
	EndGlobalSection
	GlobalSection(ProjectConfigurationPlatforms) = postSolution
		{71D6219D-FD9F-4C62-B461-691634014164}.Debug|Any CPU.ActiveCfg = Debug|Any CPU
		{71D6219D-FD9F-4C62-B461-691634014164}.Debug|Any CPU.Build.0 = Debug|Any CPU
		{71D6219D-FD9F-4C62-B461-691634014164}.Release|Any CPU.ActiveCfg = Release|Any CPU
		{71D6219D-FD9F-4C62-B461-691634014164}.Release|Any CPU.Build.0 = Release|Any CPU
		{4B160B99-6214-4546-8120-D6C8F63AF9F3}.Debug|Any CPU.ActiveCfg = Debug|Any CPU
		{4B160B99-6214-4546-8120-D6C8F63AF9F3}.Debug|Any CPU.Build.0 = Debug|Any CPU
		{4B160B99-6214-4546-8120-D6C8F63AF9F3}.Release|Any CPU.ActiveCfg = Release|Any CPU
		{4B160B99-6214-4546-8120-D6C8F63AF9F3}.Release|Any CPU.Build.0 = Release|Any CPU
		{A558E370-03C9-4040-8B97-233D19B111E9}.Debug|Any CPU.ActiveCfg = Debug|Any CPU
		{A558E370-03C9-4040-8B97-233D19B111E9}.Debug|Any CPU.Build.0 = Debug|Any CPU
		{A558E370-03C9-4040-8B97-233D19B111E9}.Release|Any CPU.ActiveCfg = Release|Any CPU
		{A558E370-03C9-4040-8B97-233D19B111E9}.Release|Any CPU.Build.0 = Release|Any CPU
		{FA731DA7-EC57-4C5B-AB97-86A06C6A2474}.Debug|Any CPU.ActiveCfg = Debug|Any CPU
		{FA731DA7-EC57-4C5B-AB97-86A06C6A2474}.Debug|Any CPU.Build.0 = Debug|Any CPU
		{FA731DA7-EC57-4C5B-AB97-86A06C6A2474}.Release|Any CPU.ActiveCfg = Release|Any CPU
		{FA731DA7-EC57-4C5B-AB97-86A06C6A2474}.Release|Any CPU.Build.0 = Release|Any CPU
		{5AF06986-E32D-4660-AB30-3A710128E396}.Debug|Any CPU.ActiveCfg = Debug|Any CPU
		{5AF06986-E32D-4660-AB30-3A710128E396}.Debug|Any CPU.Build.0 = Debug|Any CPU
		{5AF06986-E32D-4660-AB30-3A710128E396}.Release|Any CPU.ActiveCfg = Release|Any CPU
		{5AF06986-E32D-4660-AB30-3A710128E396}.Release|Any CPU.Build.0 = Release|Any CPU
		{570B121A-DF37-4353-8C0C-EC24EB1495E4}.Debug|Any CPU.ActiveCfg = Debug|Any CPU
		{570B121A-DF37-4353-8C0C-EC24EB1495E4}.Debug|Any CPU.Build.0 = Debug|Any CPU
		{570B121A-DF37-4353-8C0C-EC24EB1495E4}.Release|Any CPU.ActiveCfg = Release|Any CPU
		{570B121A-DF37-4353-8C0C-EC24EB1495E4}.Release|Any CPU.Build.0 = Release|Any CPU
		{439887E6-8F7E-489F-8C69-FE96CB634D5C}.Debug|Any CPU.ActiveCfg = Debug|Any CPU
		{439887E6-8F7E-489F-8C69-FE96CB634D5C}.Debug|Any CPU.Build.0 = Debug|Any CPU
		{439887E6-8F7E-489F-8C69-FE96CB634D5C}.Release|Any CPU.ActiveCfg = Release|Any CPU
		{439887E6-8F7E-489F-8C69-FE96CB634D5C}.Release|Any CPU.Build.0 = Release|Any CPU
		{49DC1D43-F289-4DEE-924B-FFAF0FFE6FBB}.Debug|Any CPU.ActiveCfg = Debug|Any CPU
		{49DC1D43-F289-4DEE-924B-FFAF0FFE6FBB}.Debug|Any CPU.Build.0 = Debug|Any CPU
		{49DC1D43-F289-4DEE-924B-FFAF0FFE6FBB}.Release|Any CPU.ActiveCfg = Release|Any CPU
		{49DC1D43-F289-4DEE-924B-FFAF0FFE6FBB}.Release|Any CPU.Build.0 = Release|Any CPU
		{0E736C9D-DDF0-4AB0-9B67-CD29C97DC756}.Debug|Any CPU.ActiveCfg = Debug|Any CPU
		{0E736C9D-DDF0-4AB0-9B67-CD29C97DC756}.Debug|Any CPU.Build.0 = Debug|Any CPU
		{0E736C9D-DDF0-4AB0-9B67-CD29C97DC756}.Release|Any CPU.ActiveCfg = Release|Any CPU
		{0E736C9D-DDF0-4AB0-9B67-CD29C97DC756}.Release|Any CPU.Build.0 = Release|Any CPU
		{5726F9A0-07FA-4073-B70E-EEE616620AAD}.Debug|Any CPU.ActiveCfg = Debug|Any CPU
		{5726F9A0-07FA-4073-B70E-EEE616620AAD}.Debug|Any CPU.Build.0 = Debug|Any CPU
		{5726F9A0-07FA-4073-B70E-EEE616620AAD}.Release|Any CPU.ActiveCfg = Release|Any CPU
		{5726F9A0-07FA-4073-B70E-EEE616620AAD}.Release|Any CPU.Build.0 = Release|Any CPU
	EndGlobalSection
	GlobalSection(SolutionProperties) = preSolution
		HideSolutionNode = FALSE
	EndGlobalSection
	GlobalSection(NestedProjects) = preSolution
		{71D6219D-FD9F-4C62-B461-691634014164} = {83718225-E70B-467D-84F3-4A12D62DD709}
		{4B160B99-6214-4546-8120-D6C8F63AF9F3} = {83718225-E70B-467D-84F3-4A12D62DD709}
		{A558E370-03C9-4040-8B97-233D19B111E9} = {53318655-98D8-42A8-9D82-6981A44777ED}
		{FA731DA7-EC57-4C5B-AB97-86A06C6A2474} = {53318655-98D8-42A8-9D82-6981A44777ED}
		{5AF06986-E32D-4660-AB30-3A710128E396} = {B2631CE5-8034-47CD-826A-1ECD9698460A}
		{570B121A-DF37-4353-8C0C-EC24EB1495E4} = {B2631CE5-8034-47CD-826A-1ECD9698460A}
		{439887E6-8F7E-489F-8C69-FE96CB634D5C} = {9B911174-907A-4BC7-9A3A-3E08227D83D0}
		{49DC1D43-F289-4DEE-924B-FFAF0FFE6FBB} = {9B911174-907A-4BC7-9A3A-3E08227D83D0}
		{0E736C9D-DDF0-4AB0-9B67-CD29C97DC756} = {0553A29D-A941-4C98-8BD2-9B0D5CD834E1}
		{5726F9A0-07FA-4073-B70E-EEE616620AAD} = {0553A29D-A941-4C98-8BD2-9B0D5CD834E1}
	EndGlobalSection
	GlobalSection(ExtensibilityGlobals) = postSolution
		SolutionGuid = {29CF4460-DCF1-4CD2-9E67-0454B209156B}
	EndGlobalSection
EndGlobal
