
Microsoft Visual Studio Solution File, Format Version 12.00
# Visual Studio Version 16
VisualStudioVersion = 16.0.31321.278
MinimumVisualStudioVersion = 10.0.40219.1
Project("{2150E333-8FDC-42A3-9474-1A3956D46DE8}") = "HelloWorld", "HelloWorld", "{83718225-E70B-467D-84F3-4A12D62DD709}"
EndProject
Project("{FAE04EC0-301F-11D3-BF4B-00C04F79EFBC}") = "HelloWorld.Send", "HelloWorld\HelloWorld.Send\HelloWorld.Send.csproj", "{71D6219D-FD9F-4C62-B461-691634014164}"
EndProject
Project("{FAE04EC0-301F-11D3-BF4B-00C04F79EFBC}") = "HelloWorld.Receive", "HelloWorld\HelloWorld.Receive\HelloWorld.Receive.csproj", "{4B160B99-6214-4546-8120-D6C8F63AF9F3}"
EndProject
Global
	GlobalSection(SolutionConfigurationPlatforms) = preSolution
		Debug|Any CPU = Debug|Any CPU
		Release|Any CPU = Release|Any CPU
	EndGlobalSection
	GlobalSection(ProjectConfigurationPlatforms) = postSolution
		{71D6219D-FD9F-4C62-B461-691634014164}.Debug|Any CPU.ActiveCfg = Debug|Any CPU
		{71D6219D-FD9F-4C62-B461-691634014164}.Debug|Any CPU.Build.0 = Debug|Any CPU
		{71D6219D-FD9F-4C62-B461-691634014164}.Release|Any CPU.ActiveCfg = Release|Any CPU
		{71D6219D-FD9F-4C62-B461-691634014164}.Release|Any CPU.Build.0 = Release|Any CPU
		{4B160B99-6214-4546-8120-D6C8F63AF9F3}.Debug|Any CPU.ActiveCfg = Debug|Any CPU
		{4B160B99-6214-4546-8120-D6C8F63AF9F3}.Debug|Any CPU.Build.0 = Debug|Any CPU
		{4B160B99-6214-4546-8120-D6C8F63AF9F3}.Release|Any CPU.ActiveCfg = Release|Any CPU
		{4B160B99-6214-4546-8120-D6C8F63AF9F3}.Release|Any CPU.Build.0 = Release|Any CPU
	EndGlobalSection
	GlobalSection(SolutionProperties) = preSolution
		HideSolutionNode = FALSE
	EndGlobalSection
	GlobalSection(NestedProjects) = preSolution
		{71D6219D-FD9F-4C62-B461-691634014164} = {83718225-E70B-467D-84F3-4A12D62DD709}
		{4B160B99-6214-4546-8120-D6C8F63AF9F3} = {83718225-E70B-467D-84F3-4A12D62DD709}
	EndGlobalSection
	GlobalSection(ExtensibilityGlobals) = postSolution
		SolutionGuid = {29CF4460-DCF1-4CD2-9E67-0454B209156B}
	EndGlobalSection
EndGlobal
